
Microsoft Visual Studio Solution File, Format Version 12.00
# Visual Studio Version 16
VisualStudioVersion = 16.0.29409.12
MinimumVisualStudioVersion = 10.0.40219.1
Project("{FAE04EC0-301F-11D3-BF4B-00C04F79EFBC}") = "BitRepresentation", "BitRepresentation\BitRepresentation.csproj", "{47AD8A40-2922-4FCB-8427-7855983E336A}"
EndProject
Global
	GlobalSection(SolutionConfigurationPlatforms) = preSolution
		Debug|Any CPU = Debug|Any CPU
		Release|Any CPU = Release|Any CPU
	EndGlobalSection
	GlobalSection(ProjectConfigurationPlatforms) = postSolution
		{47AD8A40-2922-4FCB-8427-7855983E336A}.Debug|Any CPU.ActiveCfg = Debug|Any CPU
		{47AD8A40-2922-4FCB-8427-7855983E336A}.Debug|Any CPU.Build.0 = Debug|Any CPU
		{47AD8A40-2922-4FCB-8427-7855983E336A}.Release|Any CPU.ActiveCfg = Release|Any CPU
		{47AD8A40-2922-4FCB-8427-7855983E336A}.Release|Any CPU.Build.0 = Release|Any CPU
	EndGlobalSection
	GlobalSection(SolutionProperties) = preSolution
		HideSolutionNode = FALSE
	EndGlobalSection
	GlobalSection(ExtensibilityGlobals) = postSolution
		SolutionGuid = {4C07568A-1232-4416-A90A-8675393DA14A}
	EndGlobalSection
EndGlobal
